
Microsoft Visual Studio Solution File, Format Version 12.00
# Visual Studio Version 17
VisualStudioVersion = 17.13.35617.110
MinimumVisualStudioVersion = 10.0.40219.1
Project("{FAE04EC0-301F-11D3-BF4B-00C04F79EFBC}") = "Api", "Api\Api.csproj", "{A3F3E479-4B57-4220-AC67-8C418DD3F064}"
EndProject
Project("{FAE04EC0-301F-11D3-BF4B-00C04F79EFBC}") = "Application", "Application\Application.csproj", "{6702DF6C-9FFE-42D8-803B-DB11D8EE8858}"
EndProject
Project("{FAE04EC0-301F-11D3-BF4B-00C04F79EFBC}") = "Domain", "Domain\Domain.csproj", "{175CBA08-2D9C-4BEE-88AC-C40E73F8A54C}"
EndProject
Project("{FAE04EC0-301F-11D3-BF4B-00C04F79EFBC}") = "Infrastructure", "Infrastructure\Infrastructure.csproj", "{FAB3F9DC-2AE5-47EA-84B1-9819C50CF0A9}"
EndProject
Project("{2150E333-8FDC-42A3-9474-1A3956D46DE8}") = "UserInterfaces", "UserInterfaces", "{02EA681E-C7D8-13C7-8484-4AC65E1B71E8}"
EndProject
Project("{FAE04EC0-301F-11D3-BF4B-00C04F79EFBC}") = "Desktop", "UserInterfaces\Desktop\Desktop.csproj", "{05FA56CE-52D7-47A1-94FB-C95ACAFCBC9A}"
EndProject
Project("{54A90642-561A-4BB1-A94E-469ADEE60C69}") = "client-sender", "UserInterfaces\client-sender\client-sender.esproj", "{8B874C49-1229-532F-F9A2-829C46A3E874}"
EndProject
Project("{54A90642-561A-4BB1-A94E-469ADEE60C69}") = "client-websocket", "UserInterfaces\client-websocket\client-websocket.esproj", "{577ED1BC-7188-0C8D-1FCC-F57F6197B8F7}"
EndProject
Project("{54A90642-561A-4BB1-A94E-469ADEE60C69}") = "client-recent-messages", "UserInterfaces\client-recent-messages\client-recent-messages.esproj", "{C36F6E8C-B354-DCB7-17D3-DFF995E2E5C0}"
EndProject
Project("{2150E333-8FDC-42A3-9474-1A3956D46DE8}") = "Devtools", "Devtools", "{E7A56013-6188-4D22-84B0-1CE04076E094}"
EndProject
Project("{FAE04EC0-301F-11D3-BF4B-00C04F79EFBC}") = "AspireHost", "Devtools\AspireHost\AspireHost.csproj", "{B223748E-52D4-43D5-8B55-408B88C83775}"
EndProject
Project("{FAE04EC0-301F-11D3-BF4B-00C04F79EFBC}") = "AspireService", "Devtools\AspireService\AspireService.csproj", "{26473489-8828-6BB6-B5DE-B9C603EEEF9C}"
EndProject
Project("{E53339B2-1760-4266-BCC7-CA923CBCF16C}") = "docker-compose", "docker-compose.dcproj", "{81DDED9D-158B-E303-5F62-77A2896D2A5A}"
EndProject
Project("{2150E333-8FDC-42A3-9474-1A3956D46DE8}") = "Tests", "Tests", "{E35AE04F-E52F-4CEA-8EAC-41FDEE8A8107}"
EndProject
Project("{FAE04EC0-301F-11D3-BF4B-00C04F79EFBC}") = "Application.Tests", "Tests\Application.Tests\Application.Tests.csproj", "{375E9135-8887-4AB9-97ED-DF85FAC595C6}"
EndProject
Global
	GlobalSection(SolutionConfigurationPlatforms) = preSolution
		Debug|Any CPU = Debug|Any CPU
		Release|Any CPU = Release|Any CPU
	EndGlobalSection
	GlobalSection(ProjectConfigurationPlatforms) = postSolution
		{A3F3E479-4B57-4220-AC67-8C418DD3F064}.Debug|Any CPU.ActiveCfg = Debug|Any CPU
		{A3F3E479-4B57-4220-AC67-8C418DD3F064}.Debug|Any CPU.Build.0 = Debug|Any CPU
		{A3F3E479-4B57-4220-AC67-8C418DD3F064}.Release|Any CPU.ActiveCfg = Release|Any CPU
		{A3F3E479-4B57-4220-AC67-8C418DD3F064}.Release|Any CPU.Build.0 = Release|Any CPU
		{6702DF6C-9FFE-42D8-803B-DB11D8EE8858}.Debug|Any CPU.ActiveCfg = Debug|Any CPU
		{6702DF6C-9FFE-42D8-803B-DB11D8EE8858}.Debug|Any CPU.Build.0 = Debug|Any CPU
		{6702DF6C-9FFE-42D8-803B-DB11D8EE8858}.Release|Any CPU.ActiveCfg = Release|Any CPU
		{6702DF6C-9FFE-42D8-803B-DB11D8EE8858}.Release|Any CPU.Build.0 = Release|Any CPU
		{175CBA08-2D9C-4BEE-88AC-C40E73F8A54C}.Debug|Any CPU.ActiveCfg = Debug|Any CPU
		{175CBA08-2D9C-4BEE-88AC-C40E73F8A54C}.Debug|Any CPU.Build.0 = Debug|Any CPU
		{175CBA08-2D9C-4BEE-88AC-C40E73F8A54C}.Release|Any CPU.ActiveCfg = Release|Any CPU
		{175CBA08-2D9C-4BEE-88AC-C40E73F8A54C}.Release|Any CPU.Build.0 = Release|Any CPU
		{FAB3F9DC-2AE5-47EA-84B1-9819C50CF0A9}.Debug|Any CPU.ActiveCfg = Debug|Any CPU
		{FAB3F9DC-2AE5-47EA-84B1-9819C50CF0A9}.Debug|Any CPU.Build.0 = Debug|Any CPU
		{FAB3F9DC-2AE5-47EA-84B1-9819C50CF0A9}.Release|Any CPU.ActiveCfg = Release|Any CPU
		{FAB3F9DC-2AE5-47EA-84B1-9819C50CF0A9}.Release|Any CPU.Build.0 = Release|Any CPU
		{05FA56CE-52D7-47A1-94FB-C95ACAFCBC9A}.Debug|Any CPU.ActiveCfg = Debug|Any CPU
		{05FA56CE-52D7-47A1-94FB-C95ACAFCBC9A}.Debug|Any CPU.Build.0 = Debug|Any CPU
		{05FA56CE-52D7-47A1-94FB-C95ACAFCBC9A}.Debug|Any CPU.Deploy.0 = Debug|Any CPU
		{05FA56CE-52D7-47A1-94FB-C95ACAFCBC9A}.Release|Any CPU.ActiveCfg = Release|Any CPU
		{05FA56CE-52D7-47A1-94FB-C95ACAFCBC9A}.Release|Any CPU.Build.0 = Release|Any CPU
		{8B874C49-1229-532F-F9A2-829C46A3E874}.Debug|Any CPU.ActiveCfg = Debug|Any CPU
		{8B874C49-1229-532F-F9A2-829C46A3E874}.Debug|Any CPU.Build.0 = Debug|Any CPU
		{8B874C49-1229-532F-F9A2-829C46A3E874}.Debug|Any CPU.Deploy.0 = Debug|Any CPU
		{8B874C49-1229-532F-F9A2-829C46A3E874}.Release|Any CPU.ActiveCfg = Release|Any CPU
		{8B874C49-1229-532F-F9A2-829C46A3E874}.Release|Any CPU.Build.0 = Release|Any CPU
		{8B874C49-1229-532F-F9A2-829C46A3E874}.Release|Any CPU.Deploy.0 = Release|Any CPU
		{577ED1BC-7188-0C8D-1FCC-F57F6197B8F7}.Debug|Any CPU.ActiveCfg = Debug|Any CPU
		{577ED1BC-7188-0C8D-1FCC-F57F6197B8F7}.Debug|Any CPU.Build.0 = Debug|Any CPU
		{577ED1BC-7188-0C8D-1FCC-F57F6197B8F7}.Debug|Any CPU.Deploy.0 = Debug|Any CPU
		{577ED1BC-7188-0C8D-1FCC-F57F6197B8F7}.Release|Any CPU.ActiveCfg = Release|Any CPU
		{577ED1BC-7188-0C8D-1FCC-F57F6197B8F7}.Release|Any CPU.Build.0 = Release|Any CPU
		{577ED1BC-7188-0C8D-1FCC-F57F6197B8F7}.Release|Any CPU.Deploy.0 = Release|Any CPU
		{C36F6E8C-B354-DCB7-17D3-DFF995E2E5C0}.Debug|Any CPU.ActiveCfg = Debug|Any CPU
		{C36F6E8C-B354-DCB7-17D3-DFF995E2E5C0}.Debug|Any CPU.Build.0 = Debug|Any CPU
		{C36F6E8C-B354-DCB7-17D3-DFF995E2E5C0}.Debug|Any CPU.Deploy.0 = Debug|Any CPU
		{C36F6E8C-B354-DCB7-17D3-DFF995E2E5C0}.Release|Any CPU.ActiveCfg = Release|Any CPU
		{C36F6E8C-B354-DCB7-17D3-DFF995E2E5C0}.Release|Any CPU.Build.0 = Release|Any CPU
		{C36F6E8C-B354-DCB7-17D3-DFF995E2E5C0}.Release|Any CPU.Deploy.0 = Release|Any CPU
		{B223748E-52D4-43D5-8B55-408B88C83775}.Debug|Any CPU.ActiveCfg = Debug|Any CPU
		{B223748E-52D4-43D5-8B55-408B88C83775}.Debug|Any CPU.Build.0 = Debug|Any CPU
		{B223748E-52D4-43D5-8B55-408B88C83775}.Release|Any CPU.ActiveCfg = Release|Any CPU
		{B223748E-52D4-43D5-8B55-408B88C83775}.Release|Any CPU.Build.0 = Release|Any CPU
		{26473489-8828-6BB6-B5DE-B9C603EEEF9C}.Debug|Any CPU.ActiveCfg = Debug|Any CPU
		{26473489-8828-6BB6-B5DE-B9C603EEEF9C}.Debug|Any CPU.Build.0 = Debug|Any CPU
		{26473489-8828-6BB6-B5DE-B9C603EEEF9C}.Release|Any CPU.ActiveCfg = Release|Any CPU
		{26473489-8828-6BB6-B5DE-B9C603EEEF9C}.Release|Any CPU.Build.0 = Release|Any CPU
		{81DDED9D-158B-E303-5F62-77A2896D2A5A}.Debug|Any CPU.ActiveCfg = Debug|Any CPU
		{81DDED9D-158B-E303-5F62-77A2896D2A5A}.Debug|Any CPU.Build.0 = Debug|Any CPU
		{81DDED9D-158B-E303-5F62-77A2896D2A5A}.Release|Any CPU.ActiveCfg = Release|Any CPU
		{81DDED9D-158B-E303-5F62-77A2896D2A5A}.Release|Any CPU.Build.0 = Release|Any CPU
		{375E9135-8887-4AB9-97ED-DF85FAC595C6}.Debug|Any CPU.ActiveCfg = Debug|Any CPU
		{375E9135-8887-4AB9-97ED-DF85FAC595C6}.Debug|Any CPU.Build.0 = Debug|Any CPU
		{375E9135-8887-4AB9-97ED-DF85FAC595C6}.Release|Any CPU.ActiveCfg = Release|Any CPU
		{375E9135-8887-4AB9-97ED-DF85FAC595C6}.Release|Any CPU.Build.0 = Release|Any CPU
	EndGlobalSection
	GlobalSection(SolutionProperties) = preSolution
		HideSolutionNode = FALSE
	EndGlobalSection
	GlobalSection(NestedProjects) = preSolution
		{05FA56CE-52D7-47A1-94FB-C95ACAFCBC9A} = {02EA681E-C7D8-13C7-8484-4AC65E1B71E8}
		{8B874C49-1229-532F-F9A2-829C46A3E874} = {02EA681E-C7D8-13C7-8484-4AC65E1B71E8}
		{577ED1BC-7188-0C8D-1FCC-F57F6197B8F7} = {02EA681E-C7D8-13C7-8484-4AC65E1B71E8}
		{C36F6E8C-B354-DCB7-17D3-DFF995E2E5C0} = {02EA681E-C7D8-13C7-8484-4AC65E1B71E8}
		{B223748E-52D4-43D5-8B55-408B88C83775} = {E7A56013-6188-4D22-84B0-1CE04076E094}
		{26473489-8828-6BB6-B5DE-B9C603EEEF9C} = {E7A56013-6188-4D22-84B0-1CE04076E094}
		{375E9135-8887-4AB9-97ED-DF85FAC595C6} = {E35AE04F-E52F-4CEA-8EAC-41FDEE8A8107}
	EndGlobalSection
	GlobalSection(ExtensibilityGlobals) = postSolution
		SolutionGuid = {F2EA74F9-0556-40CE-AFC1-24D0CED690EE}
	EndGlobalSection
EndGlobal
