
Microsoft Visual Studio Solution File, Format Version 12.00
# Visual Studio Version 17
VisualStudioVersion = 17.13.35617.110
MinimumVisualStudioVersion = 10.0.40219.1
Project("{FAE04EC0-301F-11D3-BF4B-00C04F79EFBC}") = "Api", "Api\Api.csproj", "{A3F3E479-4B57-4220-AC67-8C418DD3F064}"
EndProject
Project("{FAE04EC0-301F-11D3-BF4B-00C04F79EFBC}") = "Application", "Application\Application.csproj", "{6702DF6C-9FFE-42D8-803B-DB11D8EE8858}"
EndProject
Project("{FAE04EC0-301F-11D3-BF4B-00C04F79EFBC}") = "Domain", "Domain\Domain.csproj", "{175CBA08-2D9C-4BEE-88AC-C40E73F8A54C}"
EndProject
Project("{FAE04EC0-301F-11D3-BF4B-00C04F79EFBC}") = "Infrastructure", "Infrastructure\Infrastructure.csproj", "{FAB3F9DC-2AE5-47EA-84B1-9819C50CF0A9}"
EndProject
Project("{2150E333-8FDC-42A3-9474-1A3956D46DE8}") = "UserInterfaces", "UserInterfaces", "{02EA681E-C7D8-13C7-8484-4AC65E1B71E8}"
EndProject
Project("{FAE04EC0-301F-11D3-BF4B-00C04F79EFBC}") = "Desktop", "UserInterfaces\Desktop\Desktop.csproj", "{05FA56CE-52D7-47A1-94FB-C95ACAFCBC9A}"
EndProject
Project("{54A90642-561A-4BB1-A94E-469ADEE60C69}") = "client-sender", "UserInterfaces\client-sender\client-sender.esproj", "{8B874C49-1229-532F-F9A2-829C46A3E874}"
EndProject
Global
	GlobalSection(SolutionConfigurationPlatforms) = preSolution
		Debug|Any CPU = Debug|Any CPU
		Release|Any CPU = Release|Any CPU
	EndGlobalSection
	GlobalSection(ProjectConfigurationPlatforms) = postSolution
		{A3F3E479-4B57-4220-AC67-8C418DD3F064}.Debug|Any CPU.ActiveCfg = Debug|Any CPU
		{A3F3E479-4B57-4220-AC67-8C418DD3F064}.Debug|Any CPU.Build.0 = Debug|Any CPU
		{A3F3E479-4B57-4220-AC67-8C418DD3F064}.Release|Any CPU.ActiveCfg = Release|Any CPU
		{A3F3E479-4B57-4220-AC67-8C418DD3F064}.Release|Any CPU.Build.0 = Release|Any CPU
		{6702DF6C-9FFE-42D8-803B-DB11D8EE8858}.Debug|Any CPU.ActiveCfg = Debug|Any CPU
		{6702DF6C-9FFE-42D8-803B-DB11D8EE8858}.Debug|Any CPU.Build.0 = Debug|Any CPU
		{6702DF6C-9FFE-42D8-803B-DB11D8EE8858}.Release|Any CPU.ActiveCfg = Release|Any CPU
		{6702DF6C-9FFE-42D8-803B-DB11D8EE8858}.Release|Any CPU.Build.0 = Release|Any CPU
		{175CBA08-2D9C-4BEE-88AC-C40E73F8A54C}.Debug|Any CPU.ActiveCfg = Debug|Any CPU
		{175CBA08-2D9C-4BEE-88AC-C40E73F8A54C}.Debug|Any CPU.Build.0 = Debug|Any CPU
		{175CBA08-2D9C-4BEE-88AC-C40E73F8A54C}.Release|Any CPU.ActiveCfg = Release|Any CPU
		{175CBA08-2D9C-4BEE-88AC-C40E73F8A54C}.Release|Any CPU.Build.0 = Release|Any CPU
		{FAB3F9DC-2AE5-47EA-84B1-9819C50CF0A9}.Debug|Any CPU.ActiveCfg = Debug|Any CPU
		{FAB3F9DC-2AE5-47EA-84B1-9819C50CF0A9}.Debug|Any CPU.Build.0 = Debug|Any CPU
		{FAB3F9DC-2AE5-47EA-84B1-9819C50CF0A9}.Release|Any CPU.ActiveCfg = Release|Any CPU
		{FAB3F9DC-2AE5-47EA-84B1-9819C50CF0A9}.Release|Any CPU.Build.0 = Release|Any CPU
		{05FA56CE-52D7-47A1-94FB-C95ACAFCBC9A}.Debug|Any CPU.ActiveCfg = Debug|Any CPU
		{05FA56CE-52D7-47A1-94FB-C95ACAFCBC9A}.Debug|Any CPU.Build.0 = Debug|Any CPU
		{05FA56CE-52D7-47A1-94FB-C95ACAFCBC9A}.Release|Any CPU.ActiveCfg = Release|Any CPU
		{05FA56CE-52D7-47A1-94FB-C95ACAFCBC9A}.Release|Any CPU.Build.0 = Release|Any CPU
		{8B874C49-1229-532F-F9A2-829C46A3E874}.Debug|Any CPU.ActiveCfg = Debug|Any CPU
		{8B874C49-1229-532F-F9A2-829C46A3E874}.Debug|Any CPU.Build.0 = Debug|Any CPU
		{8B874C49-1229-532F-F9A2-829C46A3E874}.Debug|Any CPU.Deploy.0 = Debug|Any CPU
		{8B874C49-1229-532F-F9A2-829C46A3E874}.Release|Any CPU.ActiveCfg = Release|Any CPU
		{8B874C49-1229-532F-F9A2-829C46A3E874}.Release|Any CPU.Build.0 = Release|Any CPU
		{8B874C49-1229-532F-F9A2-829C46A3E874}.Release|Any CPU.Deploy.0 = Release|Any CPU
	EndGlobalSection
	GlobalSection(SolutionProperties) = preSolution
		HideSolutionNode = FALSE
	EndGlobalSection
	GlobalSection(NestedProjects) = preSolution
		{05FA56CE-52D7-47A1-94FB-C95ACAFCBC9A} = {02EA681E-C7D8-13C7-8484-4AC65E1B71E8}
		{8B874C49-1229-532F-F9A2-829C46A3E874} = {02EA681E-C7D8-13C7-8484-4AC65E1B71E8}
	EndGlobalSection
	GlobalSection(ExtensibilityGlobals) = postSolution
		SolutionGuid = {F2EA74F9-0556-40CE-AFC1-24D0CED690EE}
	EndGlobalSection
EndGlobal
